PODS:
  - SSZipArchive (2.6.0)
  - SwiftyStoreKit (0.16.1)

DEPENDENCIES:
  - SSZipArchive
  - SwiftyStoreKit

SPEC REPOS:
  trunk:
    - SSZipArchive
    - SwiftyStoreKit

SPEC CHECKSUMS:
  SSZipArchive: 8a6ee5677c8e304bebc109e39cf0da91ccef22ea
  SwiftyStoreKit: 6b9c08810269f030586dac1fae8e75871a82e84a

PODFILE CHECKSUM: e8b0882cfecb51c988b059500839c5c680c57b17

COCOAPODS: 1.16.2
